// !$*UTF8*$!
{
	archiveVersion = 1;
	classes = {
	};
	objectVersion = 48;
	objects = {

/* Begin PBXBuildFile section */
		74A51B661FE28A28001BE70D /* AppDelegate.swift in Sources */ = {isa = PBXBuildFile; fileRef = 74A51B651FE28A28001BE70D /* AppDelegate.swift */; };
		74A51B681FE28A28001BE70D /* ViewController.swift in Sources */ = {isa = PBXBuildFile; fileRef = 74A51B671FE28A28001BE70D /* ViewController.swift */; };
		74A51B6B1FE28A28001BE70D /* Main.storyboard in Resources */ = {isa = PBXBuildFile; fileRef = 74A51B691FE28A28001BE70D /* Main.storyboard */; };
		74A51B6E1FE28A28001BE70D /* AmazfitBipControl.xcdatamodeld in Sources */ = {isa = PBXBuildFile; fileRef = 74A51B6C1FE28A28001BE70D /* AmazfitBipControl.xcdatamodeld */; };
		74A51B701FE28A28001BE70D /* Assets.xcassets in Resources */ = {isa = PBXBuildFile; fileRef = 74A51B6F1FE28A28001BE70D /* Assets.xcassets */; };
		74A51B731FE28A28001BE70D /* LaunchScreen.storyboard in Resources */ = {isa = PBXBuildFile; fileRef = 74A51B711FE28A28001BE70D /* LaunchScreen.storyboard */; };
/* End PBXBuildFile section */

/* Begin PBXFileReference section */
		74A51B621FE28A27001BE70D /* AmazfitBipControl.app */ = {isa = PBXFileReference; explicitFileType = wrapper.application; includeInIndex = 0; path = AmazfitBipControl.app; sourceTree = BUILT_PRODUCTS_DIR; };
		74A51B651FE28A28001BE70D /* AppDelegate.swift */ = {isa = PBXFileReference; lastKnownFileType = sourcecode.swift; path = AppDelegate.swift; sourceTree = "<group>"; };
		74A51B671FE28A28001BE70D /* ViewController.swift */ = {isa = PBXFileReference; lastKnownFileType = sourcecode.swift; path = ViewController.swift; sourceTree = "<group>"; };
		74A51B6A1FE28A28001BE70D /* Base */ = {isa = PBXFileReference; lastKnownFileType = file.storyboard; name = Base; path = Base.lproj/Main.storyboard; sourceTree = "<group>"; };
		74A51B6D1FE28A28001BE70D /* AmazfitBipControl.xcdatamodel */ = {isa = PBXFileReference; lastKnownFileType = wrapper.xcdatamodel; path = AmazfitBipControl.xcdatamodel; sourceTree = "<group>"; };
		74A51B6F1FE28A28001BE70D /* Assets.xcassets */ = {isa = PBXFileReference; lastKnownFileType = folder.assetcatalog; path = Assets.xcassets; sourceTree = "<group>"; };
		74A51B721FE28A28001BE70D /* Base */ = {isa = PBXFileReference; lastKnownFileType = file.storyboard; name = Base; path = Base.lproj/LaunchScreen.storyboard; sourceTree = "<group>"; };
		74A51B741FE28A28001BE70D /* Info.plist */ = {isa = PBXFileReference; lastKnownFileType = text.plist.xml; path = Info.plist; sourceTree = "<group>"; };
/* End PBXFileReference section */

/* Begin PBXFrameworksBuildPhase section */
		74A51B5F1FE28A27001BE70D /* Frameworks */ = {
			isa = PBXFrameworksBuildPhase;
			buildActionMask = 2147483647;
			files = (
			);
			runOnlyForDeploymentPostprocessing = 0;
		};
/* End PBXFrameworksBuildPhase section */

/* Begin PBXGroup section */
		74A51B591FE28A27001BE70D = {
			isa = PBXGroup;
			children = (
				74A51B641FE28A27001BE70D /* AmazfitBipControl */,
				74A51B631FE28A27001BE70D /* Products */,
			);
			sourceTree = "<group>";
		};
		74A51B631FE28A27001BE70D /* Products */ = {
			isa = PBXGroup;
			children = (
				74A51B621FE28A27001BE70D /* AmazfitBipControl.app */,
			);
			name = Products;
			sourceTree = "<group>";
		};
		74A51B641FE28A27001BE70D /* AmazfitBipControl */ = {
			isa = PBXGroup;
			children = (
				74A51B651FE28A28001BE70D /* AppDelegate.swift */,
				74A51B671FE28A28001BE70D /* ViewController.swift */,
				74A51B691FE28A28001BE70D /* Main.storyboard */,
				74A51B6F1FE28A28001BE70D /* Assets.xcassets */,
				74A51B711FE28A28001BE70D /* LaunchScreen.storyboard */,
				74A51B741FE28A28001BE70D /* Info.plist */,
				74A51B6C1FE28A28001BE70D /* AmazfitBipControl.xcdatamodeld */,
			);
			path = AmazfitBipControl;
			sourceTree = "<group>";
		};
/* End PBXGroup section */

/* Begin PBXNativeTarget section */
		74A51B611FE28A27001BE70D /* AmazfitBipControl */ = {
			isa = PBXNativeTarget;
			buildConfigurationList = 74A51B771FE28A28001BE70D /* Build configuration list for PBXNativeTarget "AmazfitBipControl" */;
			buildPhases = (
				74A51B5E1FE28A27001BE70D /* Sources */,
				74A51B5F1FE28A27001BE70D /* Frameworks */,
				74A51B601FE28A27001BE70D /* Resources */,
			);
			buildRules = (
			);
			dependencies = (
			);
			name = AmazfitBipControl;
			productName = AmazfitBipControl;
			productReference = 74A51B621FE28A27001BE70D /* AmazfitBipControl.app */;
			productType = "com.apple.product-type.application";
		};
/* End PBXNativeTarget section */

/* Begin PBXProject section */
		74A51B5A1FE28A27001BE70D /* Project object */ = {
			isa = PBXProject;
			attributes = {
				LastSwiftUpdateCheck = 0910;
				LastUpgradeCheck = 0910;
				ORGANIZATIONNAME = "Круцких Олег";
				TargetAttributes = {
					74A51B611FE28A27001BE70D = {
						CreatedOnToolsVersion = 9.1;
						ProvisioningStyle = Automatic;
					};
				};
			};
			buildConfigurationList = 74A51B5D1FE28A27001BE70D /* Build configuration list for PBXProject "AmazfitBipControl" */;
			compatibilityVersion = "Xcode 8.0";
			developmentRegion = en;
			hasScannedForEncodings = 0;
			knownRegions = (
				en,
				Base,
			);
			mainGroup = 74A51B591FE28A27001BE70D;
			productRefGroup = 74A51B631FE28A27001BE70D /* Products */;
			projectDirPath = "";
			projectRoot = "";
			targets = (
				74A51B611FE28A27001BE70D /* AmazfitBipControl */,
			);
		};
/* End PBXProject section */

/* Begin PBXResourcesBuildPhase section */
		74A51B601FE28A27001BE70D /* Resources */ = {
			isa = PBXResourcesBuildPhase;
			buildActionMask = 2147483647;
			files = (
				74A51B731FE28A28001BE70D /* LaunchScreen.storyboard in Resources */,
				74A51B701FE28A28001BE70D /* Assets.xcassets in Resources */,
				74A51B6B1FE28A28001BE70D /* Main.storyboard in Resources */,
			);
			runOnlyForDeploymentPostprocessing = 0;
		};
/* End PBXResourcesBuildPhase section */

/* Begin PBXSourcesBuildPhase section */
		74A51B5E1FE28A27001BE70D /* Sources */ = {
			isa = PBXSourcesBuildPhase;
			buildActionMask = 2147483647;
			files = (
				74A51B6E1FE28A28001BE70D /* AmazfitBipControl.xcdatamodeld in Sources */,
				74A51B681FE28A28001BE70D /* ViewController.swift in Sources */,
				74A51B661FE28A28001BE70D /* AppDelegate.swift in Sources */,
			);
			runOnlyForDeploymentPostprocessing = 0;
		};
/* End PBXSourcesBuildPhase section */

/* Begin PBXVariantGroup section */
		74A51B691FE28A28001BE70D /* Main.storyboard */ = {
			isa = PBXVariantGroup;
			children = (
				74A51B6A1FE28A28001BE70D /* Base */,
			);
			name = Main.storyboard;
			sourceTree = "<group>";
		};
		74A51B711FE28A28001BE70D /* LaunchScreen.storyboard */ = {
			isa = PBXVariantGroup;
			children = (
				74A51B721FE28A28001BE70D /* Base */,
			);
			name = LaunchScreen.storyboard;
			sourceTree = "<group>";
		};
/* End PBXVariantGroup section */

/* Begin XCBuildConfiguration section */
		74A51B751FE28A28001BE70D /* Debug */ = {
			isa = XCBuildConfiguration;
			buildSettings = {
				ALWAYS_SEARCH_USER_PATHS = NO;
				CLANG_ANALYZER_NONNULL = YES;
				CLANG_ANALYZER_NUMBER_OBJECT_CONVERSION = YES_AGGRESSIVE;
				CLANG_CXX_LANGUAGE_STANDARD = "gnu++14";
				CLANG_CXX_LIBRARY = "libc++";
				CLANG_ENABLE_MODULES = YES;
				CLANG_ENABLE_OBJC_ARC = YES;
				CLANG_WARN_BLOCK_CAPTURE_AUTORELEASING = YES;
				CLANG_WARN_BOOL_CONVERSION = YES;
				CLANG_WARN_COMMA = YES;
				CLANG_WARN_CONSTANT_CONVERSION = YES;
				CLANG_WARN_DIRECT_OBJC_ISA_USAGE = YES_ERROR;
				CLANG_WARN_DOCUMENTATION_COMMENTS = YES;
				CLANG_WARN_EMPTY_BODY = YES;
				CLANG_WARN_ENUM_CONVERSION = YES;
				CLANG_WARN_INFINITE_RECURSION = YES;
				CLANG_WARN_INT_CONVERSION = YES;
				CLANG_WARN_NON_LITERAL_NULL_CONVERSION = YES;
				CLANG_WARN_OBJC_LITERAL_CONVERSION = YES;
				CLANG_WARN_OBJC_ROOT_CLASS = YES_ERROR;
				CLANG_WARN_RANGE_LOOP_ANALYSIS = YES;
				CLANG_WARN_STRICT_PROTOTYPES = YES;
				CLANG_WARN_SUSPICIOUS_MOVE = YES;
				CLANG_WARN_UNGUARDED_AVAILABILITY = YES_AGGRESSIVE;
				CLANG_WARN_UNREACHABLE_CODE = YES;
				CLANG_WARN__DUPLICATE_METHOD_MATCH = YES;
				CODE_SIGN_IDENTITY = "iPhone Developer";
				COPY_PHASE_STRIP = NO;
				DEBUG_INFORMATION_FORMAT = dwarf;
				ENABLE_STRICT_OBJC_MSGSEND = YES;
				ENABLE_TESTABILITY = YES;
				GCC_C_LANGUAGE_STANDARD = gnu11;
				GCC_DYNAMIC_NO_PIC = NO;
				GCC_NO_COMMON_BLOCKS = YES;
				GCC_OPTIMIZATION_LEVEL = 0;
				GCC_PREPROCESSOR_DEFINITIONS = (
					"DEBUG=1",
					"$(inherited)",
				);
				GCC_WARN_64_TO_32_BIT_CONVERSION = YES;
				GCC_WARN_ABOUT_RETURN_TYPE = YES_ERROR;
				GCC_WARN_UNDECLARED_SELECTOR = YES;
				GCC_WARN_UNINITIALIZED_AUTOS = YES_AGGRESSIVE;
				GCC_WARN_UNUSED_FUNCTION = YES;
				GCC_WARN_UNUSED_VARIABLE = YES;
				IPHONEOS_DEPLOYMENT_TARGET = 11.1;
				MTL_ENABLE_DEBUG_INFO = YES;
				ONLY_ACTIVE_ARCH = YES;
				SDKROOT = iphoneos;
				SWIFT_ACTIVE_COMPILATION_CONDITIONS = DEBUG;
				SWIFT_OPTIMIZATION_LEVEL = "-Onone";
			};
			name = Debug;
		};
		74A51B761FE28A28001BE70D /* Release */ = {
			isa = XCBuildConfiguration;
			buildSettings = {
				ALWAYS_SEARCH_USER_PATHS = NO;
				CLANG_ANALYZER_NONNULL = YES;
				CLANG_ANALYZER_NUMBER_OBJECT_CONVERSION = YES_AGGRESSIVE;
				CLANG_CXX_LANGUAGE_STANDARD = "gnu++14";
				CLANG_CXX_LIBRARY = "libc++";
				CLANG_ENABLE_MODULES = YES;
				CLANG_ENABLE_OBJC_ARC = YES;
				CLANG_WARN_BLOCK_CAPTURE_AUTORELEASING = YES;
				CLANG_WARN_BOOL_CONVERSION = YES;
				CLANG_WARN_COMMA = YES;
				CLANG_WARN_CONSTANT_CONVERSION = YES;
				CLANG_WARN_DIRECT_OBJC_ISA_USAGE = YES_ERROR;
				CLANG_WARN_DOCUMENTATION_COMMENTS = YES;
				CLANG_WARN_EMPTY_BODY = YES;
				CLANG_WARN_ENUM_CONVERSION = YES;
				CLANG_WARN_INFINITE_RECURSION = YES;
				CLANG_WARN_INT_CONVERSION = YES;
				CLANG_WARN_NON_LITERAL_NULL_CONVERSION = YES;
				CLANG_WARN_OBJC_LITERAL_CONVERSION = YES;
				CLANG_WARN_OBJC_ROOT_CLASS = YES_ERROR;
				CLANG_WARN_RANGE_LOOP_ANALYSIS = YES;
				CLANG_WARN_STRICT_PROTOTYPES = YES;
				CLANG_WARN_SUSPICIOUS_MOVE = YES;
				CLANG_WARN_UNGUARDED_AVAILABILITY = YES_AGGRESSIVE;
				CLANG_WARN_UNREACHABLE_CODE = YES;
				CLANG_WARN__DUPLICATE_METHOD_MATCH = YES;
				CODE_SIGN_IDENTITY = "iPhone Developer";
				COPY_PHASE_STRIP = NO;
				DEBUG_INFORMATION_FORMAT = "dwarf-with-dsym";
				ENABLE_NS_ASSERTIONS = NO;
				ENABLE_STRICT_OBJC_MSGSEND = YES;
				GCC_C_LANGUAGE_STANDARD = gnu11;
				GCC_NO_COMMON_BLOCKS = YES;
				GCC_WARN_64_TO_32_BIT_CONVERSION = YES;
				GCC_WARN_ABOUT_RETURN_TYPE = YES_ERROR;
				GCC_WARN_UNDECLARED_SELECTOR = YES;
				GCC_WARN_UNINITIALIZED_AUTOS = YES_AGGRESSIVE;
				GCC_WARN_UNUSED_FUNCTION = YES;
				GCC_WARN_UNUSED_VARIABLE = YES;
				IPHONEOS_DEPLOYMENT_TARGET = 11.1;
				MTL_ENABLE_DEBUG_INFO = NO;
				SDKROOT = iphoneos;
				SWIFT_OPTIMIZATION_LEVEL = "-Owholemodule";
				VALIDATE_PRODUCT = YES;
			};
			name = Release;
		};
		74A51B781FE28A28001BE70D /* Debug */ = {
			isa = XCBuildConfiguration;
			buildSettings = {
				ASSETCATALOG_COMPILER_APPICON_NAME = AppIcon;
				CODE_SIGN_STYLE = Automatic;
				DEVELOPMENT_TEAM = ZV42HF56HX;
				INFOPLIST_FILE = AmazfitBipControl/Info.plist;
				LD_RUNPATH_SEARCH_PATHS = "$(inherited) @executable_path/Frameworks";
				PRODUCT_BUNDLE_IDENTIFIER = ru.krutskikh.AmazfitBipControl;
				PRODUCT_NAME = "$(TARGET_NAME)";
				SWIFT_VERSION = 4.0;
				TARGETED_DEVICE_FAMILY = "1,2";
			};
			name = Debug;
		};
		74A51B791FE28A28001BE70D /* Release */ = {
			isa = XCBuildConfiguration;
			buildSettings = {
				ASSETCATALOG_COMPILER_APPICON_NAME = AppIcon;
				CODE_SIGN_STYLE = Automatic;
				DEVELOPMENT_TEAM = ZV42HF56HX;
				INFOPLIST_FILE = AmazfitBipControl/Info.plist;
				LD_RUNPATH_SEARCH_PATHS = "$(inherited) @executable_path/Frameworks";
				PRODUCT_BUNDLE_IDENTIFIER = ru.krutskikh.AmazfitBipControl;
				PRODUCT_NAME = "$(TARGET_NAME)";
				SWIFT_VERSION = 4.0;
				TARGETED_DEVICE_FAMILY = "1,2";
			};
			name = Release;
		};
/* End XCBuildConfiguration section */

/* Begin XCConfigurationList section */
		74A51B5D1FE28A27001BE70D /* Build configuration list for PBXProject "AmazfitBipControl" */ = {
			isa = XCConfigurationList;
			buildConfigurations = (
				74A51B751FE28A28001BE70D /* Debug */,
				74A51B761FE28A28001BE70D /* Release */,
			);
			defaultConfigurationIsVisible = 0;
			defaultConfigurationName = Release;
		};
		74A51B771FE28A28001BE70D /* Build configuration list for PBXNativeTarget "AmazfitBipControl" */ = {
			isa = XCConfigurationList;
			buildConfigurations = (
				74A51B781FE28A28001BE70D /* Debug */,
				74A51B791FE28A28001BE70D /* Release */,
			);
			defaultConfigurationIsVisible = 0;
			defaultConfigurationName = Release;
		};
/* End XCConfigurationList section */

/* Begin XCVersionGroup section */
		74A51B6C1FE28A28001BE70D /* AmazfitBipControl.xcdatamodeld */ = {
			isa = XCVersionGroup;
			children = (
				74A51B6D1FE28A28001BE70D /* AmazfitBipControl.xcdatamodel */,
			);
			currentVersion = 74A51B6D1FE28A28001BE70D /* AmazfitBipControl.xcdatamodel */;
			path = AmazfitBipControl.xcdatamodeld;
			sourceTree = "<group>";
			versionGroupType = wrapper.xcdatamodel;
		};
/* End XCVersionGroup section */
	};
	rootObject = 74A51B5A1FE28A27001BE70D /* Project object */;
}
