// !$*UTF8*$!
{
	archiveVersion = 1;
	classes = {
	};
	objectVersion = 48;
	objects = {

/* Begin PBXBuildFile section */
		24688BA11FE9CDB70068DBC2 /* ListenCharacteristicViewController.swift in Sources */ = {isa = PBXBuildFile; fileRef = 24688BA01FE9CDB70068DBC2 /* ListenCharacteristicViewController.swift */; };
		24F103241FE73699004B4AE3 /* AmazfitCharacteristic.swift in Sources */ = {isa = PBXBuildFile; fileRef = 24F103231FE73699004B4AE3 /* AmazfitCharacteristic.swift */; };
		7402A0151FF0DFE20071B27D /* DefinesANCS.swift in Sources */ = {isa = PBXBuildFile; fileRef = 7402A0141FF0DFE20071B27D /* DefinesANCS.swift */; };
		7402A0171FF0E17E0071B27D /* PeripheralManager.swift in Sources */ = {isa = PBXBuildFile; fileRef = 7402A0161FF0E17E0071B27D /* PeripheralManager.swift */; };
		7402A0191FF0FE560071B27D /* PeripheralManagerDelegate.swift in Sources */ = {isa = PBXBuildFile; fileRef = 7402A0181FF0FE560071B27D /* PeripheralManagerDelegate.swift */; };
		7402A01B1FF1033B0071B27D /* PeripheralManagerDelegateFlags.swift in Sources */ = {isa = PBXBuildFile; fileRef = 7402A01A1FF1033B0071B27D /* PeripheralManagerDelegateFlags.swift */; };
		7402A0211FF4D45B0071B27D /* InfoCell.xib in Resources */ = {isa = PBXBuildFile; fileRef = 7402A0201FF4D45B0071B27D /* InfoCell.xib */; };
		7402A0231FF4D6EF0071B27D /* InfoTableViewCell.swift in Sources */ = {isa = PBXBuildFile; fileRef = 7402A0221FF4D6EF0071B27D /* InfoTableViewCell.swift */; };
		7402A0251FF4D78A0071B27D /* InterfaceTableViewController.swift in Sources */ = {isa = PBXBuildFile; fileRef = 7402A0241FF4D78A0071B27D /* InterfaceTableViewController.swift */; };
		7402A0271FF523D20071B27D /* DataQueryDelegate.swift in Sources */ = {isa = PBXBuildFile; fileRef = 7402A0261FF523D20071B27D /* DataQueryDelegate.swift */; };
		7453AC831FED22CD00531A2B /* AmazfitNotifyReaderSupport.swift in Sources */ = {isa = PBXBuildFile; fileRef = 7453AC821FED22CD00531A2B /* AmazfitNotifyReaderSupport.swift */; };
		7453AC851FED3EEE00531A2B /* AmazfitDeviceEvent.swift in Sources */ = {isa = PBXBuildFile; fileRef = 7453AC841FED3EEE00531A2B /* AmazfitDeviceEvent.swift */; };
		7453AC871FED4BA600531A2B /* PlayerActions.swift in Sources */ = {isa = PBXBuildFile; fileRef = 7453AC861FED4BA600531A2B /* PlayerActions.swift */; };
		7495D5DD1FEA45D400391F9F /* DiscoverServicesTableViewController.swift in Sources */ = {isa = PBXBuildFile; fileRef = 7495D5DC1FEA45D400391F9F /* DiscoverServicesTableViewController.swift */; };
		7495D5DF1FEA464100391F9F /* DiscoverDevicesTableViewController.swift in Sources */ = {isa = PBXBuildFile; fileRef = 7495D5DE1FEA464100391F9F /* DiscoverDevicesTableViewController.swift */; };
		7495D5E11FEA468500391F9F /* BluetoothManager.swift in Sources */ = {isa = PBXBuildFile; fileRef = 7495D5E01FEA468500391F9F /* BluetoothManager.swift */; };
		7495D5E41FEA622200391F9F /* BluetoothDelegate.swift in Sources */ = {isa = PBXBuildFile; fileRef = 7495D5E31FEA622200391F9F /* BluetoothDelegate.swift */; };
		7495D5E61FEBA57F00391F9F /* DeviceTableViewCell.swift in Sources */ = {isa = PBXBuildFile; fileRef = 7495D5E51FEBA57F00391F9F /* DeviceTableViewCell.swift */; };
		7495D5E81FEBE48800391F9F /* DiscoveryCharacteristicsTableViewController.swift in Sources */ = {isa = PBXBuildFile; fileRef = 7495D5E71FEBE48800391F9F /* DiscoveryCharacteristicsTableViewController.swift */; };
		74A51B661FE28A28001BE70D /* AppDelegate.swift in Sources */ = {isa = PBXBuildFile; fileRef = 74A51B651FE28A28001BE70D /* AppDelegate.swift */; };
		74A51B681FE28A28001BE70D /* ViewController.swift in Sources */ = {isa = PBXBuildFile; fileRef = 74A51B671FE28A28001BE70D /* ViewController.swift */; };
		74A51B6B1FE28A28001BE70D /* Main.storyboard in Resources */ = {isa = PBXBuildFile; fileRef = 74A51B691FE28A28001BE70D /* Main.storyboard */; };
		74A51B6E1FE28A28001BE70D /* AmazfitBipControl.xcdatamodeld in Sources */ = {isa = PBXBuildFile; fileRef = 74A51B6C1FE28A28001BE70D /* AmazfitBipControl.xcdatamodeld */; };
		74A51B701FE28A28001BE70D /* Assets.xcassets in Resources */ = {isa = PBXBuildFile; fileRef = 74A51B6F1FE28A28001BE70D /* Assets.xcassets */; };
		74A51B731FE28A28001BE70D /* LaunchScreen.storyboard in Resources */ = {isa = PBXBuildFile; fileRef = 74A51B711FE28A28001BE70D /* LaunchScreen.storyboard */; };
		74A51B7C1FE28B8D001BE70D /* AmazfitBipService.swift in Sources */ = {isa = PBXBuildFile; fileRef = 74A51B7B1FE28B8D001BE70D /* AmazfitBipService.swift */; };
		74A51B9F1FE40CCF001BE70D /* GattService.swift in Sources */ = {isa = PBXBuildFile; fileRef = 74A51B9E1FE40CCF001BE70D /* GattService.swift */; };
		74A51BA11FE40EC0001BE70D /* GattCharacteristic.swift in Sources */ = {isa = PBXBuildFile; fileRef = 74A51BA01FE40EC0001BE70D /* GattCharacteristic.swift */; };
		74A51BA31FE41384001BE70D /* Media.xcassets in Resources */ = {isa = PBXBuildFile; fileRef = 74A51BA21FE41384001BE70D /* Media.xcassets */; };
		74A51BA81FE7884F001BE70D /* MessagingViewController.swift in Sources */ = {isa = PBXBuildFile; fileRef = 74A51BA71FE7884F001BE70D /* MessagingViewController.swift */; };
		74A51BAA1FE79BE3001BE70D /* TabBarController.swift in Sources */ = {isa = PBXBuildFile; fileRef = 74A51BA91FE79BE3001BE70D /* TabBarController.swift */; };
		74BCAF9E1FE7DBB70078164C /* BTViewController.swift in Sources */ = {isa = PBXBuildFile; fileRef = 74BCAF9D1FE7DBB70078164C /* BTViewController.swift */; };
		74BCAFA01FE7DC150078164C /* Utils.swift in Sources */ = {isa = PBXBuildFile; fileRef = 74BCAF9F1FE7DC150078164C /* Utils.swift */; };
		74BCAFA21FE7F2D50078164C /* AmazfitServices.swift in Sources */ = {isa = PBXBuildFile; fileRef = 74BCAFA11FE7F2D50078164C /* AmazfitServices.swift */; };
		74BCAFA41FE7FDD80078164C /* DefaultService.swift in Sources */ = {isa = PBXBuildFile; fileRef = 74BCAFA31FE7FDD80078164C /* DefaultService.swift */; };
		74BCAFA61FE80F980078164C /* ServicesTableViewController.swift in Sources */ = {isa = PBXBuildFile; fileRef = 74BCAFA51FE80F980078164C /* ServicesTableViewController.swift */; };
		74BCAFA81FE810280078164C /* NavigationViewController.swift in Sources */ = {isa = PBXBuildFile; fileRef = 74BCAFA71FE810280078164C /* NavigationViewController.swift */; };
		74BCAFAA1FE81BAA0078164C /* ServicesTableViewCell.swift in Sources */ = {isa = PBXBuildFile; fileRef = 74BCAFA91FE81BAA0078164C /* ServicesTableViewCell.swift */; };
/* End PBXBuildFile section */

/* Begin PBXFileReference section */
		24688BA01FE9CDB70068DBC2 /* ListenCharacteristicViewController.swift */ = {isa = PBXFileReference; lastKnownFileType = sourcecode.swift; path = ListenCharacteristicViewController.swift; sourceTree = "<group>"; };
		24F103231FE73699004B4AE3 /* AmazfitCharacteristic.swift */ = {isa = PBXFileReference; lastKnownFileType = sourcecode.swift; path = AmazfitCharacteristic.swift; sourceTree = "<group>"; };
		7402A0141FF0DFE20071B27D /* DefinesANCS.swift */ = {isa = PBXFileReference; lastKnownFileType = sourcecode.swift; path = DefinesANCS.swift; sourceTree = "<group>"; };
		7402A0161FF0E17E0071B27D /* PeripheralManager.swift */ = {isa = PBXFileReference; lastKnownFileType = sourcecode.swift; path = PeripheralManager.swift; sourceTree = "<group>"; };
		7402A0181FF0FE560071B27D /* PeripheralManagerDelegate.swift */ = {isa = PBXFileReference; lastKnownFileType = sourcecode.swift; path = PeripheralManagerDelegate.swift; sourceTree = "<group>"; };
		7402A01A1FF1033B0071B27D /* PeripheralManagerDelegateFlags.swift */ = {isa = PBXFileReference; lastKnownFileType = sourcecode.swift; path = PeripheralManagerDelegateFlags.swift; sourceTree = "<group>"; };
		7402A0201FF4D45B0071B27D /* InfoCell.xib */ = {isa = PBXFileReference; lastKnownFileType = file.xib; path = InfoCell.xib; sourceTree = "<group>"; };
		7402A0221FF4D6EF0071B27D /* InfoTableViewCell.swift */ = {isa = PBXFileReference; lastKnownFileType = sourcecode.swift; path = InfoTableViewCell.swift; sourceTree = "<group>"; };
		7402A0241FF4D78A0071B27D /* InterfaceTableViewController.swift */ = {isa = PBXFileReference; lastKnownFileType = sourcecode.swift; path = InterfaceTableViewController.swift; sourceTree = "<group>"; };
		7402A0261FF523D20071B27D /* DataQueryDelegate.swift */ = {isa = PBXFileReference; lastKnownFileType = sourcecode.swift; path = DataQueryDelegate.swift; sourceTree = "<group>"; };
		7453AC821FED22CD00531A2B /* AmazfitNotifyReaderSupport.swift */ = {isa = PBXFileReference; lastKnownFileType = sourcecode.swift; path = AmazfitNotifyReaderSupport.swift; sourceTree = "<group>"; };
		7453AC841FED3EEE00531A2B /* AmazfitDeviceEvent.swift */ = {isa = PBXFileReference; lastKnownFileType = sourcecode.swift; path = AmazfitDeviceEvent.swift; sourceTree = "<group>"; };
		7453AC861FED4BA600531A2B /* PlayerActions.swift */ = {isa = PBXFileReference; lastKnownFileType = sourcecode.swift; path = PlayerActions.swift; sourceTree = "<group>"; };
		7495D5DC1FEA45D400391F9F /* DiscoverServicesTableViewController.swift */ = {isa = PBXFileReference; lastKnownFileType = sourcecode.swift; path = DiscoverServicesTableViewController.swift; sourceTree = "<group>"; };
		7495D5DE1FEA464100391F9F /* DiscoverDevicesTableViewController.swift */ = {isa = PBXFileReference; lastKnownFileType = sourcecode.swift; path = DiscoverDevicesTableViewController.swift; sourceTree = "<group>"; };
		7495D5E01FEA468500391F9F /* BluetoothManager.swift */ = {isa = PBXFileReference; lastKnownFileType = sourcecode.swift; path = BluetoothManager.swift; sourceTree = "<group>"; };
		7495D5E31FEA622200391F9F /* BluetoothDelegate.swift */ = {isa = PBXFileReference; lastKnownFileType = sourcecode.swift; path = BluetoothDelegate.swift; sourceTree = "<group>"; };
		7495D5E51FEBA57F00391F9F /* DeviceTableViewCell.swift */ = {isa = PBXFileReference; lastKnownFileType = sourcecode.swift; path = DeviceTableViewCell.swift; sourceTree = "<group>"; };
		7495D5E71FEBE48800391F9F /* DiscoveryCharacteristicsTableViewController.swift */ = {isa = PBXFileReference; lastKnownFileType = sourcecode.swift; path = DiscoveryCharacteristicsTableViewController.swift; sourceTree = "<group>"; };
		74A51B621FE28A27001BE70D /* AmazfitBipControl.app */ = {isa = PBXFileReference; explicitFileType = wrapper.application; includeInIndex = 0; path = AmazfitBipControl.app; sourceTree = BUILT_PRODUCTS_DIR; };
		74A51B651FE28A28001BE70D /* AppDelegate.swift */ = {isa = PBXFileReference; lastKnownFileType = sourcecode.swift; path = AppDelegate.swift; sourceTree = "<group>"; };
		74A51B671FE28A28001BE70D /* ViewController.swift */ = {isa = PBXFileReference; lastKnownFileType = sourcecode.swift; path = ViewController.swift; sourceTree = "<group>"; };
		74A51B6A1FE28A28001BE70D /* Base */ = {isa = PBXFileReference; lastKnownFileType = file.storyboard; name = Base; path = Base.lproj/Main.storyboard; sourceTree = "<group>"; };
		74A51B6D1FE28A28001BE70D /* AmazfitBipControl.xcdatamodel */ = {isa = PBXFileReference; lastKnownFileType = wrapper.xcdatamodel; path = AmazfitBipControl.xcdatamodel; sourceTree = "<group>"; };
		74A51B6F1FE28A28001BE70D /* Assets.xcassets */ = {isa = PBXFileReference; lastKnownFileType = folder.assetcatalog; path = Assets.xcassets; sourceTree = "<group>"; };
		74A51B721FE28A28001BE70D /* Base */ = {isa = PBXFileReference; lastKnownFileType = file.storyboard; name = Base; path = Base.lproj/LaunchScreen.storyboard; sourceTree = "<group>"; };
		74A51B741FE28A28001BE70D /* Info.plist */ = {isa = PBXFileReference; lastKnownFileType = text.plist.xml; path = Info.plist; sourceTree = "<group>"; };
		74A51B7B1FE28B8D001BE70D /* AmazfitBipService.swift */ = {isa = PBXFileReference; lastKnownFileType = sourcecode.swift; path = AmazfitBipService.swift; sourceTree = "<group>"; };
		74A51B9E1FE40CCF001BE70D /* GattService.swift */ = {isa = PBXFileReference; lastKnownFileType = sourcecode.swift; path = GattService.swift; sourceTree = "<group>"; };
		74A51BA01FE40EC0001BE70D /* GattCharacteristic.swift */ = {isa = PBXFileReference; lastKnownFileType = sourcecode.swift; path = GattCharacteristic.swift; sourceTree = "<group>"; };
		74A51BA21FE41384001BE70D /* Media.xcassets */ = {isa = PBXFileReference; lastKnownFileType = folder.assetcatalog; path = Media.xcassets; sourceTree = "<group>"; };
		74A51BA71FE7884F001BE70D /* MessagingViewController.swift */ = {isa = PBXFileReference; lastKnownFileType = sourcecode.swift; path = MessagingViewController.swift; sourceTree = "<group>"; };
		74A51BA91FE79BE3001BE70D /* TabBarController.swift */ = {isa = PBXFileReference; lastKnownFileType = sourcecode.swift; path = TabBarController.swift; sourceTree = "<group>"; };
		74BCAF9D1FE7DBB70078164C /* BTViewController.swift */ = {isa = PBXFileReference; lastKnownFileType = sourcecode.swift; path = BTViewController.swift; sourceTree = "<group>"; };
		74BCAF9F1FE7DC150078164C /* Utils.swift */ = {isa = PBXFileReference; lastKnownFileType = sourcecode.swift; path = Utils.swift; sourceTree = "<group>"; };
		74BCAFA11FE7F2D50078164C /* AmazfitServices.swift */ = {isa = PBXFileReference; lastKnownFileType = sourcecode.swift; path = AmazfitServices.swift; sourceTree = "<group>"; };
		74BCAFA31FE7FDD80078164C /* DefaultService.swift */ = {isa = PBXFileReference; lastKnownFileType = sourcecode.swift; path = DefaultService.swift; sourceTree = "<group>"; };
		74BCAFA51FE80F980078164C /* ServicesTableViewController.swift */ = {isa = PBXFileReference; lastKnownFileType = sourcecode.swift; path = ServicesTableViewController.swift; sourceTree = "<group>"; };
		74BCAFA71FE810280078164C /* NavigationViewController.swift */ = {isa = PBXFileReference; lastKnownFileType = sourcecode.swift; path = NavigationViewController.swift; sourceTree = "<group>"; };
		74BCAFA91FE81BAA0078164C /* ServicesTableViewCell.swift */ = {isa = PBXFileReference; lastKnownFileType = sourcecode.swift; path = ServicesTableViewCell.swift; sourceTree = "<group>"; };
/* End PBXFileReference section */

/* Begin PBXFrameworksBuildPhase section */
		74A51B5F1FE28A27001BE70D /* Frameworks */ = {
			isa = PBXFrameworksBuildPhase;
			buildActionMask = 2147483647;
			files = (
			);
			runOnlyForDeploymentPostprocessing = 0;
		};
/* End PBXFrameworksBuildPhase section */

/* Begin PBXGroup section */
		24F103251FE9C475004B4AE3 /* assets */ = {
			isa = PBXGroup;
			children = (
				74A51B6F1FE28A28001BE70D /* Assets.xcassets */,
				74A51BA21FE41384001BE70D /* Media.xcassets */,
			);
			path = assets;
			sourceTree = "<group>";
		};
		24F103271FE9C49A004B4AE3 /* db */ = {
			isa = PBXGroup;
			children = (
				74A51B6C1FE28A28001BE70D /* AmazfitBipControl.xcdatamodeld */,
			);
			path = db;
			sourceTree = "<group>";
		};
		7402A01E1FF4D3CA0071B27D /* xibs */ = {
			isa = PBXGroup;
			children = (
				74A51B691FE28A28001BE70D /* Main.storyboard */,
				74A51B711FE28A28001BE70D /* LaunchScreen.storyboard */,
				7402A01F1FF4D3DD0071B27D /* cells */,
			);
			path = xibs;
			sourceTree = "<group>";
		};
		7402A01F1FF4D3DD0071B27D /* cells */ = {
			isa = PBXGroup;
			children = (
				7402A0201FF4D45B0071B27D /* InfoCell.xib */,
			);
			path = cells;
			sourceTree = "<group>";
		};
		7495D5E21FEA620B00391F9F /* protocols */ = {
			isa = PBXGroup;
			children = (
				7495D5E31FEA622200391F9F /* BluetoothDelegate.swift */,
				7402A0181FF0FE560071B27D /* PeripheralManagerDelegate.swift */,
				7402A0261FF523D20071B27D /* DataQueryDelegate.swift */,
			);
			path = protocols;
			sourceTree = "<group>";
		};
		7495D5E91FEBE49200391F9F /* DiscoveryControllers */ = {
			isa = PBXGroup;
			children = (
				7495D5DC1FEA45D400391F9F /* DiscoverServicesTableViewController.swift */,
				7495D5DE1FEA464100391F9F /* DiscoverDevicesTableViewController.swift */,
				7495D5E51FEBA57F00391F9F /* DeviceTableViewCell.swift */,
				7495D5E71FEBE48800391F9F /* DiscoveryCharacteristicsTableViewController.swift */,
			);
			path = DiscoveryControllers;
			sourceTree = "<group>";
		};
		74A51B591FE28A27001BE70D = {
			isa = PBXGroup;
			children = (
				74A51B641FE28A27001BE70D /* AmazfitBipControl */,
				74A51B631FE28A27001BE70D /* Products */,
			);
			sourceTree = "<group>";
		};
		74A51B631FE28A27001BE70D /* Products */ = {
			isa = PBXGroup;
			children = (
				74A51B621FE28A27001BE70D /* AmazfitBipControl.app */,
			);
			name = Products;
			sourceTree = "<group>";
		};
		74A51B641FE28A27001BE70D /* AmazfitBipControl */ = {
			isa = PBXGroup;
			children = (
				7402A01E1FF4D3CA0071B27D /* xibs */,
				24F103271FE9C49A004B4AE3 /* db */,
				24F103251FE9C475004B4AE3 /* assets */,
				7495D5E21FEA620B00391F9F /* protocols */,
				74A51BA41FE786EF001BE70D /* delegates */,
				74A51B931FE3D9C2001BE70D /* common */,
				74A51B821FE2909B001BE70D /* model */,
				74A51B7F1FE28F61001BE70D /* views */,
				74A51B7A1FE28B51001BE70D /* devices */,
				74A51B741FE28A28001BE70D /* Info.plist */,
			);
			path = AmazfitBipControl;
			sourceTree = "<group>";
		};
		74A51B7A1FE28B51001BE70D /* devices */ = {
			isa = PBXGroup;
			children = (
				74A51B7B1FE28B8D001BE70D /* AmazfitBipService.swift */,
				74A51B9E1FE40CCF001BE70D /* GattService.swift */,
				74A51BA01FE40EC0001BE70D /* GattCharacteristic.swift */,
			);
			path = devices;
			sourceTree = "<group>";
		};
		74A51B7F1FE28F61001BE70D /* views */ = {
			isa = PBXGroup;
			children = (
				7495D5E91FEBE49200391F9F /* DiscoveryControllers */,
				74A51B671FE28A28001BE70D /* ViewController.swift */,
				74A51BA71FE7884F001BE70D /* MessagingViewController.swift */,
				74A51BA91FE79BE3001BE70D /* TabBarController.swift */,
				74BCAF9D1FE7DBB70078164C /* BTViewController.swift */,
				74BCAFA51FE80F980078164C /* ServicesTableViewController.swift */,
				74BCAFA71FE810280078164C /* NavigationViewController.swift */,
				74BCAFA91FE81BAA0078164C /* ServicesTableViewCell.swift */,
				24688BA01FE9CDB70068DBC2 /* ListenCharacteristicViewController.swift */,
				7402A0221FF4D6EF0071B27D /* InfoTableViewCell.swift */,
				7402A0241FF4D78A0071B27D /* InterfaceTableViewController.swift */,
			);
			path = views;
			sourceTree = "<group>";
		};
		74A51B821FE2909B001BE70D /* model */ = {
			isa = PBXGroup;
			children = (
				74BCAFA31FE7FDD80078164C /* DefaultService.swift */,
				7453AC841FED3EEE00531A2B /* AmazfitDeviceEvent.swift */,
				7453AC861FED4BA600531A2B /* PlayerActions.swift */,
				7402A01A1FF1033B0071B27D /* PeripheralManagerDelegateFlags.swift */,
			);
			path = model;
			sourceTree = "<group>";
		};
		74A51B931FE3D9C2001BE70D /* common */ = {
			isa = PBXGroup;
			children = (
				74BCAF9F1FE7DC150078164C /* Utils.swift */,
				74BCAFA11FE7F2D50078164C /* AmazfitServices.swift */,
				24F103231FE73699004B4AE3 /* AmazfitCharacteristic.swift */,
				7453AC821FED22CD00531A2B /* AmazfitNotifyReaderSupport.swift */,
				7402A0141FF0DFE20071B27D /* DefinesANCS.swift */,
			);
			path = common;
			sourceTree = "<group>";
		};
		74A51BA41FE786EF001BE70D /* delegates */ = {
			isa = PBXGroup;
			children = (
				74A51B651FE28A28001BE70D /* AppDelegate.swift */,
				7495D5E01FEA468500391F9F /* BluetoothManager.swift */,
				7402A0161FF0E17E0071B27D /* PeripheralManager.swift */,
			);
			path = delegates;
			sourceTree = "<group>";
		};
/* End PBXGroup section */

/* Begin PBXNativeTarget section */
		74A51B611FE28A27001BE70D /* AmazfitBipControl */ = {
			isa = PBXNativeTarget;
			buildConfigurationList = 74A51B771FE28A28001BE70D /* Build configuration list for PBXNativeTarget "AmazfitBipControl" */;
			buildPhases = (
				74A51B5E1FE28A27001BE70D /* Sources */,
				74A51B5F1FE28A27001BE70D /* Frameworks */,
				74A51B601FE28A27001BE70D /* Resources */,
			);
			buildRules = (
			);
			dependencies = (
			);
			name = AmazfitBipControl;
			productName = AmazfitBipControl;
			productReference = 74A51B621FE28A27001BE70D /* AmazfitBipControl.app */;
			productType = "com.apple.product-type.application";
		};
/* End PBXNativeTarget section */

/* Begin PBXProject section */
		74A51B5A1FE28A27001BE70D /* Project object */ = {
			isa = PBXProject;
			attributes = {
				LastSwiftUpdateCheck = 0910;
				LastUpgradeCheck = 0910;
				ORGANIZATIONNAME = "Круцких Олег";
				TargetAttributes = {
					74A51B611FE28A27001BE70D = {
						CreatedOnToolsVersion = 9.1;
						ProvisioningStyle = Automatic;
						SystemCapabilities = {
							com.apple.BackgroundModes = {
								enabled = 1;
							};
						};
					};
				};
			};
			buildConfigurationList = 74A51B5D1FE28A27001BE70D /* Build configuration list for PBXProject "AmazfitBipControl" */;
			compatibilityVersion = "Xcode 8.0";
			developmentRegion = en;
			hasScannedForEncodings = 0;
			knownRegions = (
				en,
				Base,
			);
			mainGroup = 74A51B591FE28A27001BE70D;
			productRefGroup = 74A51B631FE28A27001BE70D /* Products */;
			projectDirPath = "";
			projectRoot = "";
			targets = (
				74A51B611FE28A27001BE70D /* AmazfitBipControl */,
			);
		};
/* End PBXProject section */

/* Begin PBXResourcesBuildPhase section */
		74A51B601FE28A27001BE70D /* Resources */ = {
			isa = PBXResourcesBuildPhase;
			buildActionMask = 2147483647;
			files = (
				74A51B731FE28A28001BE70D /* LaunchScreen.storyboard in Resources */,
				7402A0211FF4D45B0071B27D /* InfoCell.xib in Resources */,
				74A51B701FE28A28001BE70D /* Assets.xcassets in Resources */,
				74A51BA31FE41384001BE70D /* Media.xcassets in Resources */,
				74A51B6B1FE28A28001BE70D /* Main.storyboard in Resources */,
			);
			runOnlyForDeploymentPostprocessing = 0;
		};
/* End PBXResourcesBuildPhase section */

/* Begin PBXSourcesBuildPhase section */
		74A51B5E1FE28A27001BE70D /* Sources */ = {
			isa = PBXSourcesBuildPhase;
			buildActionMask = 2147483647;
			files = (
				74BCAFA41FE7FDD80078164C /* DefaultService.swift in Sources */,
				7495D5E81FEBE48800391F9F /* DiscoveryCharacteristicsTableViewController.swift in Sources */,
				7402A01B1FF1033B0071B27D /* PeripheralManagerDelegateFlags.swift in Sources */,
				7402A0271FF523D20071B27D /* DataQueryDelegate.swift in Sources */,
				7402A0231FF4D6EF0071B27D /* InfoTableViewCell.swift in Sources */,
				74A51B9F1FE40CCF001BE70D /* GattService.swift in Sources */,
				74A51B6E1FE28A28001BE70D /* AmazfitBipControl.xcdatamodeld in Sources */,
				74BCAFA81FE810280078164C /* NavigationViewController.swift in Sources */,
				7402A0171FF0E17E0071B27D /* PeripheralManager.swift in Sources */,
				7495D5E11FEA468500391F9F /* BluetoothManager.swift in Sources */,
				7402A0251FF4D78A0071B27D /* InterfaceTableViewController.swift in Sources */,
				7495D5DF1FEA464100391F9F /* DiscoverDevicesTableViewController.swift in Sources */,
				74A51BA11FE40EC0001BE70D /* GattCharacteristic.swift in Sources */,
				7453AC831FED22CD00531A2B /* AmazfitNotifyReaderSupport.swift in Sources */,
				24688BA11FE9CDB70068DBC2 /* ListenCharacteristicViewController.swift in Sources */,
				7495D5E41FEA622200391F9F /* BluetoothDelegate.swift in Sources */,
				74A51BAA1FE79BE3001BE70D /* TabBarController.swift in Sources */,
				74BCAFAA1FE81BAA0078164C /* ServicesTableViewCell.swift in Sources */,
				74BCAFA61FE80F980078164C /* ServicesTableViewController.swift in Sources */,
				7402A0151FF0DFE20071B27D /* DefinesANCS.swift in Sources */,
				74A51BA81FE7884F001BE70D /* MessagingViewController.swift in Sources */,
				7402A0191FF0FE560071B27D /* PeripheralManagerDelegate.swift in Sources */,
				7495D5DD1FEA45D400391F9F /* DiscoverServicesTableViewController.swift in Sources */,
				7495D5E61FEBA57F00391F9F /* DeviceTableViewCell.swift in Sources */,
				7453AC851FED3EEE00531A2B /* AmazfitDeviceEvent.swift in Sources */,
				74A51B681FE28A28001BE70D /* ViewController.swift in Sources */,
				74BCAF9E1FE7DBB70078164C /* BTViewController.swift in Sources */,
				74A51B7C1FE28B8D001BE70D /* AmazfitBipService.swift in Sources */,
				74BCAFA21FE7F2D50078164C /* AmazfitServices.swift in Sources */,
				74A51B661FE28A28001BE70D /* AppDelegate.swift in Sources */,
				24F103241FE73699004B4AE3 /* AmazfitCharacteristic.swift in Sources */,
				7453AC871FED4BA600531A2B /* PlayerActions.swift in Sources */,
				74BCAFA01FE7DC150078164C /* Utils.swift in Sources */,
			);
			runOnlyForDeploymentPostprocessing = 0;
		};
/* End PBXSourcesBuildPhase section */

/* Begin PBXVariantGroup section */
		74A51B691FE28A28001BE70D /* Main.storyboard */ = {
			isa = PBXVariantGroup;
			children = (
				74A51B6A1FE28A28001BE70D /* Base */,
			);
			name = Main.storyboard;
			sourceTree = "<group>";
		};
		74A51B711FE28A28001BE70D /* LaunchScreen.storyboard */ = {
			isa = PBXVariantGroup;
			children = (
				74A51B721FE28A28001BE70D /* Base */,
			);
			name = LaunchScreen.storyboard;
			sourceTree = "<group>";
		};
/* End PBXVariantGroup section */

/* Begin XCBuildConfiguration section */
		74A51B751FE28A28001BE70D /* Debug */ = {
			isa = XCBuildConfiguration;
			buildSettings = {
				ALWAYS_SEARCH_USER_PATHS = NO;
				CLANG_ANALYZER_NONNULL = YES;
				CLANG_ANALYZER_NUMBER_OBJECT_CONVERSION = YES_AGGRESSIVE;
				CLANG_CXX_LANGUAGE_STANDARD = "gnu++14";
				CLANG_CXX_LIBRARY = "libc++";
				CLANG_ENABLE_MODULES = YES;
				CLANG_ENABLE_OBJC_ARC = YES;
				CLANG_WARN_BLOCK_CAPTURE_AUTORELEASING = YES;
				CLANG_WARN_BOOL_CONVERSION = YES;
				CLANG_WARN_COMMA = YES;
				CLANG_WARN_CONSTANT_CONVERSION = YES;
				CLANG_WARN_DIRECT_OBJC_ISA_USAGE = YES_ERROR;
				CLANG_WARN_DOCUMENTATION_COMMENTS = YES;
				CLANG_WARN_EMPTY_BODY = YES;
				CLANG_WARN_ENUM_CONVERSION = YES;
				CLANG_WARN_INFINITE_RECURSION = YES;
				CLANG_WARN_INT_CONVERSION = YES;
				CLANG_WARN_NON_LITERAL_NULL_CONVERSION = YES;
				CLANG_WARN_OBJC_LITERAL_CONVERSION = YES;
				CLANG_WARN_OBJC_ROOT_CLASS = YES_ERROR;
				CLANG_WARN_RANGE_LOOP_ANALYSIS = YES;
				CLANG_WARN_STRICT_PROTOTYPES = YES;
				CLANG_WARN_SUSPICIOUS_MOVE = YES;
				CLANG_WARN_UNGUARDED_AVAILABILITY = YES_AGGRESSIVE;
				CLANG_WARN_UNREACHABLE_CODE = YES;
				CLANG_WARN__DUPLICATE_METHOD_MATCH = YES;
				CODE_SIGN_IDENTITY = "iPhone Developer";
				COPY_PHASE_STRIP = NO;
				DEBUG_INFORMATION_FORMAT = dwarf;
				ENABLE_STRICT_OBJC_MSGSEND = YES;
				ENABLE_TESTABILITY = YES;
				GCC_C_LANGUAGE_STANDARD = gnu11;
				GCC_DYNAMIC_NO_PIC = NO;
				GCC_NO_COMMON_BLOCKS = YES;
				GCC_OPTIMIZATION_LEVEL = 0;
				GCC_PREPROCESSOR_DEFINITIONS = (
					"DEBUG=1",
					"$(inherited)",
				);
				GCC_WARN_64_TO_32_BIT_CONVERSION = YES;
				GCC_WARN_ABOUT_RETURN_TYPE = YES_ERROR;
				GCC_WARN_UNDECLARED_SELECTOR = YES;
				GCC_WARN_UNINITIALIZED_AUTOS = YES_AGGRESSIVE;
				GCC_WARN_UNUSED_FUNCTION = YES;
				GCC_WARN_UNUSED_VARIABLE = YES;
				IPHONEOS_DEPLOYMENT_TARGET = 11.1;
				MTL_ENABLE_DEBUG_INFO = YES;
				ONLY_ACTIVE_ARCH = YES;
				SDKROOT = iphoneos;
				SWIFT_ACTIVE_COMPILATION_CONDITIONS = DEBUG;
				SWIFT_OPTIMIZATION_LEVEL = "-Onone";
			};
			name = Debug;
		};
		74A51B761FE28A28001BE70D /* Release */ = {
			isa = XCBuildConfiguration;
			buildSettings = {
				ALWAYS_SEARCH_USER_PATHS = NO;
				CLANG_ANALYZER_NONNULL = YES;
				CLANG_ANALYZER_NUMBER_OBJECT_CONVERSION = YES_AGGRESSIVE;
				CLANG_CXX_LANGUAGE_STANDARD = "gnu++14";
				CLANG_CXX_LIBRARY = "libc++";
				CLANG_ENABLE_MODULES = YES;
				CLANG_ENABLE_OBJC_ARC = YES;
				CLANG_WARN_BLOCK_CAPTURE_AUTORELEASING = YES;
				CLANG_WARN_BOOL_CONVERSION = YES;
				CLANG_WARN_COMMA = YES;
				CLANG_WARN_CONSTANT_CONVERSION = YES;
				CLANG_WARN_DIRECT_OBJC_ISA_USAGE = YES_ERROR;
				CLANG_WARN_DOCUMENTATION_COMMENTS = YES;
				CLANG_WARN_EMPTY_BODY = YES;
				CLANG_WARN_ENUM_CONVERSION = YES;
				CLANG_WARN_INFINITE_RECURSION = YES;
				CLANG_WARN_INT_CONVERSION = YES;
				CLANG_WARN_NON_LITERAL_NULL_CONVERSION = YES;
				CLANG_WARN_OBJC_LITERAL_CONVERSION = YES;
				CLANG_WARN_OBJC_ROOT_CLASS = YES_ERROR;
				CLANG_WARN_RANGE_LOOP_ANALYSIS = YES;
				CLANG_WARN_STRICT_PROTOTYPES = YES;
				CLANG_WARN_SUSPICIOUS_MOVE = YES;
				CLANG_WARN_UNGUARDED_AVAILABILITY = YES_AGGRESSIVE;
				CLANG_WARN_UNREACHABLE_CODE = YES;
				CLANG_WARN__DUPLICATE_METHOD_MATCH = YES;
				CODE_SIGN_IDENTITY = "iPhone Developer";
				COPY_PHASE_STRIP = NO;
				DEBUG_INFORMATION_FORMAT = "dwarf-with-dsym";
				ENABLE_NS_ASSERTIONS = NO;
				ENABLE_STRICT_OBJC_MSGSEND = YES;
				GCC_C_LANGUAGE_STANDARD = gnu11;
				GCC_NO_COMMON_BLOCKS = YES;
				GCC_WARN_64_TO_32_BIT_CONVERSION = YES;
				GCC_WARN_ABOUT_RETURN_TYPE = YES_ERROR;
				GCC_WARN_UNDECLARED_SELECTOR = YES;
				GCC_WARN_UNINITIALIZED_AUTOS = YES_AGGRESSIVE;
				GCC_WARN_UNUSED_FUNCTION = YES;
				GCC_WARN_UNUSED_VARIABLE = YES;
				IPHONEOS_DEPLOYMENT_TARGET = 11.1;
				MTL_ENABLE_DEBUG_INFO = NO;
				SDKROOT = iphoneos;
				SWIFT_OPTIMIZATION_LEVEL = "-Owholemodule";
				VALIDATE_PRODUCT = YES;
			};
			name = Release;
		};
		74A51B781FE28A28001BE70D /* Debug */ = {
			isa = XCBuildConfiguration;
			buildSettings = {
				ASSETCATALOG_COMPILER_APPICON_NAME = AppIcon;
				"CODE_SIGN_IDENTITY[sdk=iphoneos*]" = "iPhone Developer";
				CODE_SIGN_STYLE = Automatic;
				DEVELOPMENT_TEAM = M228493F65;
				INFOPLIST_FILE = AmazfitBipControl/Info.plist;
				IPHONEOS_DEPLOYMENT_TARGET = 11.0;
				LD_RUNPATH_SEARCH_PATHS = "$(inherited) @executable_path/Frameworks";
				PRODUCT_BUNDLE_IDENTIFIER = ru.krutskikh.amazfitcontrol;
				PRODUCT_NAME = "$(TARGET_NAME)";
				PROVISIONING_PROFILE_SPECIFIER = "";
				SWIFT_VERSION = 4.0;
				TARGETED_DEVICE_FAMILY = "1,2";
			};
			name = Debug;
		};
		74A51B791FE28A28001BE70D /* Release */ = {
			isa = XCBuildConfiguration;
			buildSettings = {
				ASSETCATALOG_COMPILER_APPICON_NAME = AppIcon;
				"CODE_SIGN_IDENTITY[sdk=iphoneos*]" = "iPhone Developer";
				CODE_SIGN_STYLE = Automatic;
				DEVELOPMENT_TEAM = M228493F65;
				INFOPLIST_FILE = AmazfitBipControl/Info.plist;
				IPHONEOS_DEPLOYMENT_TARGET = 11.0;
				LD_RUNPATH_SEARCH_PATHS = "$(inherited) @executable_path/Frameworks";
				PRODUCT_BUNDLE_IDENTIFIER = ru.krutskikh.amazfitcontrol;
				PRODUCT_NAME = "$(TARGET_NAME)";
				PROVISIONING_PROFILE_SPECIFIER = "";
				SWIFT_VERSION = 4.0;
				TARGETED_DEVICE_FAMILY = "1,2";
			};
			name = Release;
		};
/* End XCBuildConfiguration section */

/* Begin XCConfigurationList section */
		74A51B5D1FE28A27001BE70D /* Build configuration list for PBXProject "AmazfitBipControl" */ = {
			isa = XCConfigurationList;
			buildConfigurations = (
				74A51B751FE28A28001BE70D /* Debug */,
				74A51B761FE28A28001BE70D /* Release */,
			);
			defaultConfigurationIsVisible = 0;
			defaultConfigurationName = Release;
		};
		74A51B771FE28A28001BE70D /* Build configuration list for PBXNativeTarget "AmazfitBipControl" */ = {
			isa = XCConfigurationList;
			buildConfigurations = (
				74A51B781FE28A28001BE70D /* Debug */,
				74A51B791FE28A28001BE70D /* Release */,
			);
			defaultConfigurationIsVisible = 0;
			defaultConfigurationName = Release;
		};
/* End XCConfigurationList section */

/* Begin XCVersionGroup section */
		74A51B6C1FE28A28001BE70D /* AmazfitBipControl.xcdatamodeld */ = {
			isa = XCVersionGroup;
			children = (
				74A51B6D1FE28A28001BE70D /* AmazfitBipControl.xcdatamodel */,
			);
			currentVersion = 74A51B6D1FE28A28001BE70D /* AmazfitBipControl.xcdatamodel */;
			path = AmazfitBipControl.xcdatamodeld;
			sourceTree = "<group>";
			versionGroupType = wrapper.xcdatamodel;
		};
/* End XCVersionGroup section */
	};
	rootObject = 74A51B5A1FE28A27001BE70D /* Project object */;
}
